// !$*UTF8*$!
{
	archiveVersion = 1;
	classes = {
	};
	objectVersion = 50;
	objects = {

/* Begin PBXBuildFile section */
		B5110378213F7D1900E6E7AB /* AppDelegate.swift in Sources */ = {isa = PBXBuildFile; fileRef = B5110377213F7D1900E6E7AB /* AppDelegate.swift */; };
		B511037A213F7D1900E6E7AB /* ChatVC.swift in Sources */ = {isa = PBXBuildFile; fileRef = B5110379213F7D1900E6E7AB /* ChatVC.swift */; };
		B511037D213F7D1900E6E7AB /* Main.storyboard in Resources */ = {isa = PBXBuildFile; fileRef = B511037B213F7D1900E6E7AB /* Main.storyboard */; };
		B511037F213F7D1B00E6E7AB /* Assets.xcassets in Resources */ = {isa = PBXBuildFile; fileRef = B511037E213F7D1B00E6E7AB /* Assets.xcassets */; };
		B5110382213F7D1B00E6E7AB /* LaunchScreen.storyboard in Resources */ = {isa = PBXBuildFile; fileRef = B5110380213F7D1B00E6E7AB /* LaunchScreen.storyboard */; };
		B511038D213F8CA300E6E7AB /* LeftSideMenuNavController.swift in Sources */ = {isa = PBXBuildFile; fileRef = B511038C213F8CA300E6E7AB /* LeftSideMenuNavController.swift */; };
		B511038F21458C6C00E6E7AB /* ChannelVC.swift in Sources */ = {isa = PBXBuildFile; fileRef = B511038E21458C6C00E6E7AB /* ChannelVC.swift */; };
		B511039121459BE900E6E7AB /* GradientView.swift in Sources */ = {isa = PBXBuildFile; fileRef = B511039021459BE900E6E7AB /* GradientView.swift */; };
		B51103932145A2A800E6E7AB /* ProfileIconImage.swift in Sources */ = {isa = PBXBuildFile; fileRef = B51103922145A2A800E6E7AB /* ProfileIconImage.swift */; };
		B5B804EF2145AFF400367C71 /* ChannelCell.swift in Sources */ = {isa = PBXBuildFile; fileRef = B5B804EE2145AFF400367C71 /* ChannelCell.swift */; };
		B5B804F12145B49200367C71 /* RoundedButton.swift in Sources */ = {isa = PBXBuildFile; fileRef = B5B804F02145B49200367C71 /* RoundedButton.swift */; };
		B5B804F32145B65000367C71 /* LoginVC.swift in Sources */ = {isa = PBXBuildFile; fileRef = B5B804F22145B65000367C71 /* LoginVC.swift */; };
		B5B804F52145EE6000367C71 /* CreateProfileVC.swift in Sources */ = {isa = PBXBuildFile; fileRef = B5B804F42145EE6000367C71 /* CreateProfileVC.swift */; };
		B5B804F72145F64A00367C71 /* AvatarVC.swift in Sources */ = {isa = PBXBuildFile; fileRef = B5B804F62145F64A00367C71 /* AvatarVC.swift */; };
		B5B804F92145F7F300367C71 /* AvatarCell.swift in Sources */ = {isa = PBXBuildFile; fileRef = B5B804F82145F7F300367C71 /* AvatarCell.swift */; };
		B5B804FC21474C4E00367C71 /* AuthService.swift in Sources */ = {isa = PBXBuildFile; fileRef = B5B804FB21474C4E00367C71 /* AuthService.swift */; };
		B5B804FF21474D0B00367C71 /* Constants.swift in Sources */ = {isa = PBXBuildFile; fileRef = B5B804FE21474D0B00367C71 /* Constants.swift */; };
		B5D1607421476F7E00080329 /* UserProfile.swift in Sources */ = {isa = PBXBuildFile; fileRef = B5D1607321476F7E00080329 /* UserProfile.swift */; };
		B5D160762147790700080329 /* UserDataService.swift in Sources */ = {isa = PBXBuildFile; fileRef = B5D160752147790700080329 /* UserDataService.swift */; };
		B5D160792148A5CF00080329 /* UIColor.swift in Sources */ = {isa = PBXBuildFile; fileRef = B5D160782148A5CF00080329 /* UIColor.swift */; };
		B5D1607B2148B19200080329 /* BetterPlaceholderTextField.swift in Sources */ = {isa = PBXBuildFile; fileRef = B5D1607A2148B19200080329 /* BetterPlaceholderTextField.swift */; };
		B5D1607D2148BEA300080329 /* LoadingSpinnerView.swift in Sources */ = {isa = PBXBuildFile; fileRef = B5D1607C2148BEA300080329 /* LoadingSpinnerView.swift */; };
		B5D1607F214A151D00080329 /* ProfileVC.swift in Sources */ = {isa = PBXBuildFile; fileRef = B5D1607E214A151D00080329 /* ProfileVC.swift */; };
		EDB060D26EB170D88911D861 /* Pods_Smack.framework in Frameworks */ = {isa = PBXBuildFile; fileRef = B89F3C638949E76FDFE6F784 /* Pods_Smack.framework */; };
/* End PBXBuildFile section */

/* Begin PBXFileReference section */
		5208E9E19F8C693F05129A5C /* Pods-Smack.debug.xcconfig */ = {isa = PBXFileReference; includeInIndex = 1; lastKnownFileType = text.xcconfig; name = "Pods-Smack.debug.xcconfig"; path = "Pods/Target Support Files/Pods-Smack/Pods-Smack.debug.xcconfig"; sourceTree = "<group>"; };
		9F65E297F03C115D14397C7C /* Pods-Smack.release.xcconfig */ = {isa = PBXFileReference; includeInIndex = 1; lastKnownFileType = text.xcconfig; name = "Pods-Smack.release.xcconfig"; path = "Pods/Target Support Files/Pods-Smack/Pods-Smack.release.xcconfig"; sourceTree = "<group>"; };
		B5110374213F7D1900E6E7AB /* Smack.app */ = {isa = PBXFileReference; explicitFileType = wrapper.application; includeInIndex = 0; path = Smack.app; sourceTree = BUILT_PRODUCTS_DIR; };
		B5110377213F7D1900E6E7AB /* AppDelegate.swift */ = {isa = PBXFileReference; lastKnownFileType = sourcecode.swift; path = AppDelegate.swift; sourceTree = "<group>"; };
		B5110379213F7D1900E6E7AB /* ChatVC.swift */ = {isa = PBXFileReference; lastKnownFileType = sourcecode.swift; path = ChatVC.swift; sourceTree = "<group>"; };
		B511037C213F7D1900E6E7AB /* Base */ = {isa = PBXFileReference; lastKnownFileType = file.storyboard; name = Base; path = Base.lproj/Main.storyboard; sourceTree = "<group>"; };
		B511037E213F7D1B00E6E7AB /* Assets.xcassets */ = {isa = PBXFileReference; lastKnownFileType = folder.assetcatalog; path = Assets.xcassets; sourceTree = "<group>"; };
		B5110381213F7D1B00E6E7AB /* Base */ = {isa = PBXFileReference; lastKnownFileType = file.storyboard; name = Base; path = Base.lproj/LaunchScreen.storyboard; sourceTree = "<group>"; };
		B5110383213F7D1B00E6E7AB /* Info.plist */ = {isa = PBXFileReference; lastKnownFileType = text.plist.xml; path = Info.plist; sourceTree = "<group>"; };
		B511038C213F8CA300E6E7AB /* LeftSideMenuNavController.swift */ = {isa = PBXFileReference; lastKnownFileType = sourcecode.swift; path = LeftSideMenuNavController.swift; sourceTree = "<group>"; };
		B511038E21458C6C00E6E7AB /* ChannelVC.swift */ = {isa = PBXFileReference; lastKnownFileType = sourcecode.swift; path = ChannelVC.swift; sourceTree = "<group>"; };
		B511039021459BE900E6E7AB /* GradientView.swift */ = {isa = PBXFileReference; lastKnownFileType = sourcecode.swift; path = GradientView.swift; sourceTree = "<group>"; };
		B51103922145A2A800E6E7AB /* ProfileIconImage.swift */ = {isa = PBXFileReference; lastKnownFileType = sourcecode.swift; path = ProfileIconImage.swift; sourceTree = "<group>"; };
		B5B804EE2145AFF400367C71 /* ChannelCell.swift */ = {isa = PBXFileReference; lastKnownFileType = sourcecode.swift; path = ChannelCell.swift; sourceTree = "<group>"; };
		B5B804F02145B49200367C71 /* RoundedButton.swift */ = {isa = PBXFileReference; lastKnownFileType = sourcecode.swift; path = RoundedButton.swift; sourceTree = "<group>"; };
		B5B804F22145B65000367C71 /* LoginVC.swift */ = {isa = PBXFileReference; lastKnownFileType = sourcecode.swift; path = LoginVC.swift; sourceTree = "<group>"; };
		B5B804F42145EE6000367C71 /* CreateProfileVC.swift */ = {isa = PBXFileReference; lastKnownFileType = sourcecode.swift; path = CreateProfileVC.swift; sourceTree = "<group>"; };
		B5B804F62145F64A00367C71 /* AvatarVC.swift */ = {isa = PBXFileReference; lastKnownFileType = sourcecode.swift; path = AvatarVC.swift; sourceTree = "<group>"; };
		B5B804F82145F7F300367C71 /* AvatarCell.swift */ = {isa = PBXFileReference; lastKnownFileType = sourcecode.swift; path = AvatarCell.swift; sourceTree = "<group>"; };
		B5B804FB21474C4E00367C71 /* AuthService.swift */ = {isa = PBXFileReference; lastKnownFileType = sourcecode.swift; path = AuthService.swift; sourceTree = "<group>"; };
		B5B804FE21474D0B00367C71 /* Constants.swift */ = {isa = PBXFileReference; lastKnownFileType = sourcecode.swift; path = Constants.swift; sourceTree = "<group>"; };
		B5D1607321476F7E00080329 /* UserProfile.swift */ = {isa = PBXFileReference; lastKnownFileType = sourcecode.swift; path = UserProfile.swift; sourceTree = "<group>"; };
		B5D160752147790700080329 /* UserDataService.swift */ = {isa = PBXFileReference; lastKnownFileType = sourcecode.swift; path = UserDataService.swift; sourceTree = "<group>"; };
		B5D160782148A5CF00080329 /* UIColor.swift */ = {isa = PBXFileReference; lastKnownFileType = sourcecode.swift; path = UIColor.swift; sourceTree = "<group>"; };
		B5D1607A2148B19200080329 /* BetterPlaceholderTextField.swift */ = {isa = PBXFileReference; lastKnownFileType = sourcecode.swift; path = BetterPlaceholderTextField.swift; sourceTree = "<group>"; };
		B5D1607C2148BEA300080329 /* LoadingSpinnerView.swift */ = {isa = PBXFileReference; lastKnownFileType = sourcecode.swift; path = LoadingSpinnerView.swift; sourceTree = "<group>"; };
		B5D1607E214A151D00080329 /* ProfileVC.swift */ = {isa = PBXFileReference; lastKnownFileType = sourcecode.swift; path = ProfileVC.swift; sourceTree = "<group>"; };
		B89F3C638949E76FDFE6F784 /* Pods_Smack.framework */ = {isa = PBXFileReference; explicitFileType = wrapper.framework; includeInIndex = 0; path = Pods_Smack.framework; sourceTree = BUILT_PRODUCTS_DIR; };
/* End PBXFileReference section */

/* Begin PBXFrameworksBuildPhase section */
		B5110371213F7D1900E6E7AB /* Frameworks */ = {
			isa = PBXFrameworksBuildPhase;
			buildActionMask = 2147483647;
			files = (
				EDB060D26EB170D88911D861 /* Pods_Smack.framework in Frameworks */,
			);
			runOnlyForDeploymentPostprocessing = 0;
		};
/* End PBXFrameworksBuildPhase section */

/* Begin PBXGroup section */
		A8A7EF51DD5F6806F32225A4 /* Pods */ = {
			isa = PBXGroup;
			children = (
				5208E9E19F8C693F05129A5C /* Pods-Smack.debug.xcconfig */,
				9F65E297F03C115D14397C7C /* Pods-Smack.release.xcconfig */,
			);
			name = Pods;
			sourceTree = "<group>";
		};
		B511036B213F7D1900E6E7AB = {
			isa = PBXGroup;
			children = (
				B5110376213F7D1900E6E7AB /* Smack */,
				B5110375213F7D1900E6E7AB /* Products */,
				A8A7EF51DD5F6806F32225A4 /* Pods */,
				FB701B969F567F2C16E4984B /* Frameworks */,
			);
			sourceTree = "<group>";
		};
		B5110375213F7D1900E6E7AB /* Products */ = {
			isa = PBXGroup;
			children = (
				B5110374213F7D1900E6E7AB /* Smack.app */,
			);
			name = Products;
			sourceTree = "<group>";
		};
		B5110376213F7D1900E6E7AB /* Smack */ = {
			isa = PBXGroup;
			children = (
				B5D160772148A5B300080329 /* Extension */,
				B5B804FD21474CF700367C71 /* Utility */,
				B5B804FA21474C3800367C71 /* Service */,
				B511038B213F8C3E00E6E7AB /* Model */,
				B511038A213F8C3A00E6E7AB /* View */,
				B5110389213F8C2400E6E7AB /* Controller */,
				B5110377213F7D1900E6E7AB /* AppDelegate.swift */,
				B511037B213F7D1900E6E7AB /* Main.storyboard */,
				B511037E213F7D1B00E6E7AB /* Assets.xcassets */,
				B5110380213F7D1B00E6E7AB /* LaunchScreen.storyboard */,
				B5110383213F7D1B00E6E7AB /* Info.plist */,
			);
			path = Smack;
			sourceTree = "<group>";
		};
		B5110389213F8C2400E6E7AB /* Controller */ = {
			isa = PBXGroup;
			children = (
				B5110379213F7D1900E6E7AB /* ChatVC.swift */,
				B5D1607E214A151D00080329 /* ProfileVC.swift */,
				B511038E21458C6C00E6E7AB /* ChannelVC.swift */,
				B5B804F22145B65000367C71 /* LoginVC.swift */,
				B5B804F42145EE6000367C71 /* CreateProfileVC.swift */,
				B5B804F62145F64A00367C71 /* AvatarVC.swift */,
			);
			path = Controller;
			sourceTree = "<group>";
		};
		B511038A213F8C3A00E6E7AB /* View */ = {
			isa = PBXGroup;
			children = (
				B511038C213F8CA300E6E7AB /* LeftSideMenuNavController.swift */,
				B511039021459BE900E6E7AB /* GradientView.swift */,
				B51103922145A2A800E6E7AB /* ProfileIconImage.swift */,
				B5B804EE2145AFF400367C71 /* ChannelCell.swift */,
				B5B804F02145B49200367C71 /* RoundedButton.swift */,
				B5B804F82145F7F300367C71 /* AvatarCell.swift */,
				B5D1607A2148B19200080329 /* BetterPlaceholderTextField.swift */,
				B5D1607C2148BEA300080329 /* LoadingSpinnerView.swift */,
			);
			path = View;
			sourceTree = "<group>";
		};
		B511038B213F8C3E00E6E7AB /* Model */ = {
			isa = PBXGroup;
			children = (
				B5D1607321476F7E00080329 /* UserProfile.swift */,
			);
			name = Model;
			path = "New Group";
			sourceTree = "<group>";
		};
		B5B804FA21474C3800367C71 /* Service */ = {
			isa = PBXGroup;
			children = (
				B5B804FB21474C4E00367C71 /* AuthService.swift */,
				B5D160752147790700080329 /* UserDataService.swift */,
			);
			path = Service;
			sourceTree = "<group>";
		};
		B5B804FD21474CF700367C71 /* Utility */ = {
			isa = PBXGroup;
			children = (
				B5B804FE21474D0B00367C71 /* Constants.swift */,
			);
			path = Utility;
			sourceTree = "<group>";
		};
		B5D160772148A5B300080329 /* Extension */ = {
			isa = PBXGroup;
			children = (
				B5D160782148A5CF00080329 /* UIColor.swift */,
			);
			path = Extension;
			sourceTree = "<group>";
		};
		FB701B969F567F2C16E4984B /* Frameworks */ = {
			isa = PBXGroup;
			children = (
				B89F3C638949E76FDFE6F784 /* Pods_Smack.framework */,
			);
			name = Frameworks;
			sourceTree = "<group>";
		};
/* End PBXGroup section */

/* Begin PBXNativeTarget section */
		B5110373213F7D1900E6E7AB /* Smack */ = {
			isa = PBXNativeTarget;
			buildConfigurationList = B5110386213F7D1B00E6E7AB /* Build configuration list for PBXNativeTarget "Smack" */;
			buildPhases = (
				D3806EFF0F5333A8B3A11269 /* [CP] Check Pods Manifest.lock */,
				B5110370213F7D1900E6E7AB /* Sources */,
				B5110371213F7D1900E6E7AB /* Frameworks */,
				B5110372213F7D1900E6E7AB /* Resources */,
				277E2621ED08A29A3D6842FE /* [CP] Embed Pods Frameworks */,
			);
			buildRules = (
			);
			dependencies = (
			);
			name = Smack;
			productName = Smack;
			productReference = B5110374213F7D1900E6E7AB /* Smack.app */;
			productType = "com.apple.product-type.application";
		};
/* End PBXNativeTarget section */

/* Begin PBXProject section */
		B511036C213F7D1900E6E7AB /* Project object */ = {
			isa = PBXProject;
			attributes = {
				LastSwiftUpdateCheck = 0940;
				LastUpgradeCheck = 0940;
				ORGANIZATIONNAME = "Jefffrey Santana";
				TargetAttributes = {
					B5110373213F7D1900E6E7AB = {
						CreatedOnToolsVersion = 9.4.1;
						LastSwiftMigration = 1000;
					};
				};
			};
			buildConfigurationList = B511036F213F7D1900E6E7AB /* Build configuration list for PBXProject "Smack" */;
			compatibilityVersion = "Xcode 9.3";
			developmentRegion = en;
			hasScannedForEncodings = 0;
			knownRegions = (
				en,
				Base,
			);
			mainGroup = B511036B213F7D1900E6E7AB;
			productRefGroup = B5110375213F7D1900E6E7AB /* Products */;
			projectDirPath = "";
			projectRoot = "";
			targets = (
				B5110373213F7D1900E6E7AB /* Smack */,
			);
		};
/* End PBXProject section */

/* Begin PBXResourcesBuildPhase section */
		B5110372213F7D1900E6E7AB /* Resources */ = {
			isa = PBXResourcesBuildPhase;
			buildActionMask = 2147483647;
			files = (
				B5110382213F7D1B00E6E7AB /* LaunchScreen.storyboard in Resources */,
				B511037F213F7D1B00E6E7AB /* Assets.xcassets in Resources */,
				B511037D213F7D1900E6E7AB /* Main.storyboard in Resources */,
			);
			runOnlyForDeploymentPostprocessing = 0;
		};
/* End PBXResourcesBuildPhase section */

/* Begin PBXShellScriptBuildPhase section */
		277E2621ED08A29A3D6842FE /* [CP] Embed Pods Frameworks */ = {
			isa = PBXShellScriptBuildPhase;
			buildActionMask = 2147483647;
			files = (
			);
			inputPaths = (
				"${SRCROOT}/Pods/Target Support Files/Pods-Smack/Pods-Smack-frameworks.sh",
				"${BUILT_PRODUCTS_DIR}/Alamofire/Alamofire.framework",
				"${BUILT_PRODUCTS_DIR}/AlamofireObjectMapper/AlamofireObjectMapper.framework",
				"${BUILT_PRODUCTS_DIR}/ObjectMapper/ObjectMapper.framework",
				"${BUILT_PRODUCTS_DIR}/SideMenu/SideMenu.framework",
				"${BUILT_PRODUCTS_DIR}/Socket.IO-Client-Swift/SocketIO.framework",
				"${BUILT_PRODUCTS_DIR}/Starscream/Starscream.framework",
				"${BUILT_PRODUCTS_DIR}/SwiftyJSON/SwiftyJSON.framework",
			);
			name = "[CP] Embed Pods Frameworks";
			outputPaths = (
				"${TARGET_BUILD_DIR}/${FRAMEWORKS_FOLDER_PATH}/Alamofire.framework",
				"${TARGET_BUILD_DIR}/${FRAMEWORKS_FOLDER_PATH}/AlamofireObjectMapper.framework",
				"${TARGET_BUILD_DIR}/${FRAMEWORKS_FOLDER_PATH}/ObjectMapper.framework",
				"${TARGET_BUILD_DIR}/${FRAMEWORKS_FOLDER_PATH}/SideMenu.framework",
				"${TARGET_BUILD_DIR}/${FRAMEWORKS_FOLDER_PATH}/SocketIO.framework",
				"${TARGET_BUILD_DIR}/${FRAMEWORKS_FOLDER_PATH}/Starscream.framework",
				"${TARGET_BUILD_DIR}/${FRAMEWORKS_FOLDER_PATH}/SwiftyJSON.framework",
			);
			runOnlyForDeploymentPostprocessing = 0;
			shellPath = /bin/sh;
			shellScript = "\"${SRCROOT}/Pods/Target Support Files/Pods-Smack/Pods-Smack-frameworks.sh\"\n";
			showEnvVarsInLog = 0;
		};
		D3806EFF0F5333A8B3A11269 /* [CP] Check Pods Manifest.lock */ = {
			isa = PBXShellScriptBuildPhase;
			buildActionMask = 2147483647;
			files = (
			);
			inputPaths = (
				"${PODS_PODFILE_DIR_PATH}/Podfile.lock",
				"${PODS_ROOT}/Manifest.lock",
			);
			name = "[CP] Check Pods Manifest.lock";
			outputPaths = (
				"$(DERIVED_FILE_DIR)/Pods-Smack-checkManifestLockResult.txt",
			);
			runOnlyForDeploymentPostprocessing = 0;
			shellPath = /bin/sh;
			shellScript = "diff \"${PODS_PODFILE_DIR_PATH}/Podfile.lock\" \"${PODS_ROOT}/Manifest.lock\" > /dev/null\nif [ $? != 0 ] ; then\n    # print error to STDERR\n    echo \"error: The sandbox is not in sync with the Podfile.lock. Run 'pod install' or update your CocoaPods installation.\" >&2\n    exit 1\nfi\n# This output is used by Xcode 'outputs' to avoid re-running this script phase.\necho \"SUCCESS\" > \"${SCRIPT_OUTPUT_FILE_0}\"\n";
			showEnvVarsInLog = 0;
		};
/* End PBXShellScriptBuildPhase section */

/* Begin PBXSourcesBuildPhase section */
		B5110370213F7D1900E6E7AB /* Sources */ = {
			isa = PBXSourcesBuildPhase;
			buildActionMask = 2147483647;
			files = (
				B5D1607F214A151D00080329 /* ProfileVC.swift in Sources */,
				B5B804F52145EE6000367C71 /* CreateProfileVC.swift in Sources */,
				B511038F21458C6C00E6E7AB /* ChannelVC.swift in Sources */,
				B5D1607421476F7E00080329 /* UserProfile.swift in Sources */,
				B511037A213F7D1900E6E7AB /* ChatVC.swift in Sources */,
				B51103932145A2A800E6E7AB /* ProfileIconImage.swift in Sources */,
				B5B804F12145B49200367C71 /* RoundedButton.swift in Sources */,
				B5D160792148A5CF00080329 /* UIColor.swift in Sources */,
				B511039121459BE900E6E7AB /* GradientView.swift in Sources */,
				B5D1607B2148B19200080329 /* BetterPlaceholderTextField.swift in Sources */,
				B5B804FC21474C4E00367C71 /* AuthService.swift in Sources */,
				B5D1607D2148BEA300080329 /* LoadingSpinnerView.swift in Sources */,
				B5B804F32145B65000367C71 /* LoginVC.swift in Sources */,
				B5B804EF2145AFF400367C71 /* ChannelCell.swift in Sources */,
				B5D160762147790700080329 /* UserDataService.swift in Sources */,
				B511038D213F8CA300E6E7AB /* LeftSideMenuNavController.swift in Sources */,
				B5110378213F7D1900E6E7AB /* AppDelegate.swift in Sources */,
				B5B804FF21474D0B00367C71 /* Constants.swift in Sources */,
				B5B804F92145F7F300367C71 /* AvatarCell.swift in Sources */,
				B5B804F72145F64A00367C71 /* AvatarVC.swift in Sources */,
			);
			runOnlyForDeploymentPostprocessing = 0;
		};
/* End PBXSourcesBuildPhase section */

/* Begin PBXVariantGroup section */
		B511037B213F7D1900E6E7AB /* Main.storyboard */ = {
			isa = PBXVariantGroup;
			children = (
				B511037C213F7D1900E6E7AB /* Base */,
			);
			name = Main.storyboard;
			sourceTree = "<group>";
		};
		B5110380213F7D1B00E6E7AB /* LaunchScreen.storyboard */ = {
			isa = PBXVariantGroup;
			children = (
				B5110381213F7D1B00E6E7AB /* Base */,
			);
			name = LaunchScreen.storyboard;
			sourceTree = "<group>";
		};
/* End PBXVariantGroup section */

/* Begin XCBuildConfiguration section */
		B5110384213F7D1B00E6E7AB /* Debug */ = {
			isa = XCBuildConfiguration;
			buildSettings = {
				ALWAYS_SEARCH_USER_PATHS = NO;
				CLANG_ANALYZER_NONNULL = YES;
				CLANG_ANALYZER_NUMBER_OBJECT_CONVERSION = YES_AGGRESSIVE;
				CLANG_CXX_LANGUAGE_STANDARD = "gnu++14";
				CLANG_CXX_LIBRARY = "libc++";
				CLANG_ENABLE_MODULES = YES;
				CLANG_ENABLE_OBJC_ARC = YES;
				CLANG_ENABLE_OBJC_WEAK = YES;
				CLANG_WARN_BLOCK_CAPTURE_AUTORELEASING = YES;
				CLANG_WARN_BOOL_CONVERSION = YES;
				CLANG_WARN_COMMA = YES;
				CLANG_WARN_CONSTANT_CONVERSION = YES;
				CLANG_WARN_DEPRECATED_OBJC_IMPLEMENTATIONS = YES;
				CLANG_WARN_DIRECT_OBJC_ISA_USAGE = YES_ERROR;
				CLANG_WARN_DOCUMENTATION_COMMENTS = YES;
				CLANG_WARN_EMPTY_BODY = YES;
				CLANG_WARN_ENUM_CONVERSION = YES;
				CLANG_WARN_INFINITE_RECURSION = YES;
				CLANG_WARN_INT_CONVERSION = YES;
				CLANG_WARN_NON_LITERAL_NULL_CONVERSION = YES;
				CLANG_WARN_OBJC_IMPLICIT_RETAIN_SELF = YES;
				CLANG_WARN_OBJC_LITERAL_CONVERSION = YES;
				CLANG_WARN_OBJC_ROOT_CLASS = YES_ERROR;
				CLANG_WARN_RANGE_LOOP_ANALYSIS = YES;
				CLANG_WARN_STRICT_PROTOTYPES = YES;
				CLANG_WARN_SUSPICIOUS_MOVE = YES;
				CLANG_WARN_UNGUARDED_AVAILABILITY = YES_AGGRESSIVE;
				CLANG_WARN_UNREACHABLE_CODE = YES;
				CLANG_WARN__DUPLICATE_METHOD_MATCH = YES;
				CODE_SIGN_IDENTITY = "iPhone Developer";
				COPY_PHASE_STRIP = NO;
				DEBUG_INFORMATION_FORMAT = dwarf;
				ENABLE_STRICT_OBJC_MSGSEND = YES;
				ENABLE_TESTABILITY = YES;
				GCC_C_LANGUAGE_STANDARD = gnu11;
				GCC_DYNAMIC_NO_PIC = NO;
				GCC_NO_COMMON_BLOCKS = YES;
				GCC_OPTIMIZATION_LEVEL = 0;
				GCC_PREPROCESSOR_DEFINITIONS = (
					"DEBUG=1",
					"$(inherited)",
				);
				GCC_WARN_64_TO_32_BIT_CONVERSION = YES;
				GCC_WARN_ABOUT_RETURN_TYPE = YES_ERROR;
				GCC_WARN_UNDECLARED_SELECTOR = YES;
				GCC_WARN_UNINITIALIZED_AUTOS = YES_AGGRESSIVE;
				GCC_WARN_UNUSED_FUNCTION = YES;
				GCC_WARN_UNUSED_VARIABLE = YES;
				IPHONEOS_DEPLOYMENT_TARGET = 11.4;
				MTL_ENABLE_DEBUG_INFO = YES;
				ONLY_ACTIVE_ARCH = YES;
				SDKROOT = iphoneos;
				SWIFT_ACTIVE_COMPILATION_CONDITIONS = DEBUG;
				SWIFT_OPTIMIZATION_LEVEL = "-Onone";
			};
			name = Debug;
		};
		B5110385213F7D1B00E6E7AB /* Release */ = {
			isa = XCBuildConfiguration;
			buildSettings = {
				ALWAYS_SEARCH_USER_PATHS = NO;
				CLANG_ANALYZER_NONNULL = YES;
				CLANG_ANALYZER_NUMBER_OBJECT_CONVERSION = YES_AGGRESSIVE;
				CLANG_CXX_LANGUAGE_STANDARD = "gnu++14";
				CLANG_CXX_LIBRARY = "libc++";
				CLANG_ENABLE_MODULES = YES;
				CLANG_ENABLE_OBJC_ARC = YES;
				CLANG_ENABLE_OBJC_WEAK = YES;
				CLANG_WARN_BLOCK_CAPTURE_AUTORELEASING = YES;
				CLANG_WARN_BOOL_CONVERSION = YES;
				CLANG_WARN_COMMA = YES;
				CLANG_WARN_CONSTANT_CONVERSION = YES;
				CLANG_WARN_DEPRECATED_OBJC_IMPLEMENTATIONS = YES;
				CLANG_WARN_DIRECT_OBJC_ISA_USAGE = YES_ERROR;
				CLANG_WARN_DOCUMENTATION_COMMENTS = YES;
				CLANG_WARN_EMPTY_BODY = YES;
				CLANG_WARN_ENUM_CONVERSION = YES;
				CLANG_WARN_INFINITE_RECURSION = YES;
				CLANG_WARN_INT_CONVERSION = YES;
				CLANG_WARN_NON_LITERAL_NULL_CONVERSION = YES;
				CLANG_WARN_OBJC_IMPLICIT_RETAIN_SELF = YES;
				CLANG_WARN_OBJC_LITERAL_CONVERSION = YES;
				CLANG_WARN_OBJC_ROOT_CLASS = YES_ERROR;
				CLANG_WARN_RANGE_LOOP_ANALYSIS = YES;
				CLANG_WARN_STRICT_PROTOTYPES = YES;
				CLANG_WARN_SUSPICIOUS_MOVE = YES;
				CLANG_WARN_UNGUARDED_AVAILABILITY = YES_AGGRESSIVE;
				CLANG_WARN_UNREACHABLE_CODE = YES;
				CLANG_WARN__DUPLICATE_METHOD_MATCH = YES;
				CODE_SIGN_IDENTITY = "iPhone Developer";
				COPY_PHASE_STRIP = NO;
				DEBUG_INFORMATION_FORMAT = "dwarf-with-dsym";
				ENABLE_NS_ASSERTIONS = NO;
				ENABLE_STRICT_OBJC_MSGSEND = YES;
				GCC_C_LANGUAGE_STANDARD = gnu11;
				GCC_NO_COMMON_BLOCKS = YES;
				GCC_WARN_64_TO_32_BIT_CONVERSION = YES;
				GCC_WARN_ABOUT_RETURN_TYPE = YES_ERROR;
				GCC_WARN_UNDECLARED_SELECTOR = YES;
				GCC_WARN_UNINITIALIZED_AUTOS = YES_AGGRESSIVE;
				GCC_WARN_UNUSED_FUNCTION = YES;
				GCC_WARN_UNUSED_VARIABLE = YES;
				IPHONEOS_DEPLOYMENT_TARGET = 11.4;
				MTL_ENABLE_DEBUG_INFO = NO;
				SDKROOT = iphoneos;
				SWIFT_COMPILATION_MODE = wholemodule;
				SWIFT_OPTIMIZATION_LEVEL = "-O";
				VALIDATE_PRODUCT = YES;
			};
			name = Release;
		};
		B5110387213F7D1B00E6E7AB /* Debug */ = {
			isa = XCBuildConfiguration;
			baseConfigurationReference = 5208E9E19F8C693F05129A5C /* Pods-Smack.debug.xcconfig */;
			buildSettings = {
				ASSETCATALOG_COMPILER_APPICON_NAME = AppIcon;
				CODE_SIGN_STYLE = Automatic;
				DEVELOPMENT_TEAM = PD94K2S3RY;
				INFOPLIST_FILE = Smack/Info.plist;
				LD_RUNPATH_SEARCH_PATHS = "$(inherited) @executable_path/Frameworks";
				PRODUCT_BUNDLE_IDENTIFIER = "com.Square-Built.Smack";
				PRODUCT_NAME = "$(TARGET_NAME)";
				SWIFT_VERSION = 4.2;
				TARGETED_DEVICE_FAMILY = "1,2";
			};
			name = Debug;
		};
		B5110388213F7D1B00E6E7AB /* Release */ = {
			isa = XCBuildConfiguration;
			baseConfigurationReference = 9F65E297F03C115D14397C7C /* Pods-Smack.release.xcconfig */;
			buildSettings = {
				ASSETCATALOG_COMPILER_APPICON_NAME = AppIcon;
				CODE_SIGN_STYLE = Automatic;
				DEVELOPMENT_TEAM = PD94K2S3RY;
				INFOPLIST_FILE = Smack/Info.plist;
				LD_RUNPATH_SEARCH_PATHS = "$(inherited) @executable_path/Frameworks";
				PRODUCT_BUNDLE_IDENTIFIER = "com.Square-Built.Smack";
				PRODUCT_NAME = "$(TARGET_NAME)";
				SWIFT_VERSION = 4.2;
				TARGETED_DEVICE_FAMILY = "1,2";
			};
			name = Release;
		};
/* End XCBuildConfiguration section */

/* Begin XCConfigurationList section */
		B511036F213F7D1900E6E7AB /* Build configuration list for PBXProject "Smack" */ = {
			isa = XCConfigurationList;
			buildConfigurations = (
				B5110384213F7D1B00E6E7AB /* Debug */,
				B5110385213F7D1B00E6E7AB /* Release */,
			);
			defaultConfigurationIsVisible = 0;
			defaultConfigurationName = Release;
		};
		B5110386213F7D1B00E6E7AB /* Build configuration list for PBXNativeTarget "Smack" */ = {
			isa = XCConfigurationList;
			buildConfigurations = (
				B5110387213F7D1B00E6E7AB /* Debug */,
				B5110388213F7D1B00E6E7AB /* Release */,
			);
			defaultConfigurationIsVisible = 0;
			defaultConfigurationName = Release;
		};
/* End XCConfigurationList section */
	};
	rootObject = B511036C213F7D1900E6E7AB /* Project object */;
}
